// !$*UTF8*$!
{
	archiveVersion = 1;
	classes = {
	};
	objectVersion = 46;
	objects = {

/* Begin PBXBuildFile section */
		B4B087681C9E53C900D065F8 /* main.m in Sources */ = {isa = PBXBuildFile; fileRef = B4B087671C9E53C900D065F8 /* main.m */; };
		B4B0876B1C9E53C900D065F8 /* AppDelegate.m in Sources */ = {isa = PBXBuildFile; fileRef = B4B0876A1C9E53C900D065F8 /* AppDelegate.m */; };
		B4B0876D1C9E53C900D065F8 /* Assets.xcassets in Resources */ = {isa = PBXBuildFile; fileRef = B4B0876C1C9E53C900D065F8 /* Assets.xcassets */; };
		B4B087701C9E53C900D065F8 /* LaunchScreen.storyboard in Resources */ = {isa = PBXBuildFile; fileRef = B4B0876E1C9E53C900D065F8 /* LaunchScreen.storyboard */; };
		B4B0877B1C9E53C900D065F8 /* github____Tests.m in Sources */ = {isa = PBXBuildFile; fileRef = B4B0877A1C9E53C900D065F8 /* github____Tests.m */; };
		B4B087861C9E53C900D065F8 /* github____UITests.m in Sources */ = {isa = PBXBuildFile; fileRef = B4B087851C9E53C900D065F8 /* github____UITests.m */; };
		B4B087951C9E53F400D065F8 /* GuViewController.m in Sources */ = {isa = PBXBuildFile; fileRef = B4B087941C9E53F400D065F8 /* GuViewController.m */; };
/* End PBXBuildFile section */

/* Begin PBXContainerItemProxy section */
		B4B087771C9E53C900D065F8 /* PBXContainerItemProxy */ = {
			isa = PBXContainerItemProxy;
			containerPortal = B4B0875B1C9E53C900D065F8 /* Project object */;
			proxyType = 1;
			remoteGlobalIDString = B4B087621C9E53C900D065F8;
			remoteInfo = "github练习上传";
		};
		B4B087821C9E53C900D065F8 /* PBXContainerItemProxy */ = {
			isa = PBXContainerItemProxy;
			containerPortal = B4B0875B1C9E53C900D065F8 /* Project object */;
			proxyType = 1;
			remoteGlobalIDString = B4B087621C9E53C900D065F8;
			remoteInfo = "github练习上传";
		};
/* End PBXContainerItemProxy section */

/* Begin PBXFileReference section */
		B4B087631C9E53C900D065F8 /* github练习上传.app */ = {isa = PBXFileReference; explicitFileType = wrapper.application; includeInIndex = 0; path = "github练习上传.app"; sourceTree = BUILT_PRODUCTS_DIR; };
		B4B087671C9E53C900D065F8 /* main.m */ = {isa = PBXFileReference; lastKnownFileType = sourcecode.c.objc; path = main.m; sourceTree = "<group>"; };
		B4B087691C9E53C900D065F8 /* AppDelegate.h */ = {isa = PBXFileReference; lastKnownFileType = sourcecode.c.h; path = AppDelegate.h; sourceTree = "<group>"; };
		B4B0876A1C9E53C900D065F8 /* AppDelegate.m */ = {isa = PBXFileReference; lastKnownFileType = sourcecode.c.objc; path = AppDelegate.m; sourceTree = "<group>"; };
		B4B0876C1C9E53C900D065F8 /* Assets.xcassets */ = {isa = PBXFileReference; lastKnownFileType = folder.assetcatalog; path = Assets.xcassets; sourceTree = "<group>"; };
		B4B0876F1C9E53C900D065F8 /* Base */ = {isa = PBXFileReference; lastKnownFileType = file.storyboard; name = Base; path = Base.lproj/LaunchScreen.storyboard; sourceTree = "<group>"; };
		B4B087711C9E53C900D065F8 /* Info.plist */ = {isa = PBXFileReference; lastKnownFileType = text.plist.xml; path = Info.plist; sourceTree = "<group>"; };
		B4B087761C9E53C900D065F8 /* github练习上传Tests.xctest */ = {isa = PBXFileReference; explicitFileType = wrapper.cfbundle; includeInIndex = 0; path = "github练习上传Tests.xctest"; sourceTree = BUILT_PRODUCTS_DIR; };
		B4B0877A1C9E53C900D065F8 /* github____Tests.m */ = {isa = PBXFileReference; lastKnownFileType = sourcecode.c.objc; path = "github____Tests.m"; sourceTree = "<group>"; };
		B4B0877C1C9E53C900D065F8 /* Info.plist */ = {isa = PBXFileReference; lastKnownFileType = text.plist.xml; path = Info.plist; sourceTree = "<group>"; };
		B4B087811C9E53C900D065F8 /* github练习上传UITests.xctest */ = {isa = PBXFileReference; explicitFileType = wrapper.cfbundle; includeInIndex = 0; path = "github练习上传UITests.xctest"; sourceTree = BUILT_PRODUCTS_DIR; };
		B4B087851C9E53C900D065F8 /* github____UITests.m */ = {isa = PBXFileReference; lastKnownFileType = sourcecode.c.objc; path = "github____UITests.m"; sourceTree = "<group>"; };
		B4B087871C9E53C900D065F8 /* Info.plist */ = {isa = PBXFileReference; lastKnownFileType = text.plist.xml; path = Info.plist; sourceTree = "<group>"; };
		B4B087931C9E53F400D065F8 /* GuViewController.h */ = {isa = PBXFileReference; fileEncoding = 4; lastKnownFileType = sourcecode.c.h; path = GuViewController.h; sourceTree = "<group>"; };
		B4B087941C9E53F400D065F8 /* GuViewController.m */ = {isa = PBXFileReference; fileEncoding = 4; lastKnownFileType = sourcecode.c.objc; path = GuViewController.m; sourceTree = "<group>"; };
/* End PBXFileReference section */

/* Begin PBXFrameworksBuildPhase section */
		B4B087601C9E53C900D065F8 /* Frameworks */ = {
			isa = PBXFrameworksBuildPhase;
			buildActionMask = 2147483647;
			files = (
			);
			runOnlyForDeploymentPostprocessing = 0;
		};
		B4B087731C9E53C900D065F8 /* Frameworks */ = {
			isa = PBXFrameworksBuildPhase;
			buildActionMask = 2147483647;
			files = (
			);
			runOnlyForDeploymentPostprocessing = 0;
		};
		B4B0877E1C9E53C900D065F8 /* Frameworks */ = {
			isa = PBXFrameworksBuildPhase;
			buildActionMask = 2147483647;
			files = (
			);
			runOnlyForDeploymentPostprocessing = 0;
		};
/* End PBXFrameworksBuildPhase section */

/* Begin PBXGroup section */
		B4B0875A1C9E53C900D065F8 = {
			isa = PBXGroup;
			children = (
				B4B087651C9E53C900D065F8 /* github练习上传 */,
				B4B087791C9E53C900D065F8 /* github练习上传Tests */,
				B4B087841C9E53C900D065F8 /* github练习上传UITests */,
				B4B087641C9E53C900D065F8 /* Products */,
			);
			sourceTree = "<group>";
		};
		B4B087641C9E53C900D065F8 /* Products */ = {
			isa = PBXGroup;
			children = (
				B4B087631C9E53C900D065F8 /* github练习上传.app */,
				B4B087761C9E53C900D065F8 /* github练习上传Tests.xctest */,
				B4B087811C9E53C900D065F8 /* github练习上传UITests.xctest */,
			);
			name = Products;
			sourceTree = "<group>";
		};
		B4B087651C9E53C900D065F8 /* github练习上传 */ = {
			isa = PBXGroup;
			children = (
				B4B087691C9E53C900D065F8 /* AppDelegate.h */,
				B4B0876A1C9E53C900D065F8 /* AppDelegate.m */,
				B4B087931C9E53F400D065F8 /* GuViewController.h */,
				B4B087941C9E53F400D065F8 /* GuViewController.m */,
				B4B0876C1C9E53C900D065F8 /* Assets.xcassets */,
				B4B0876E1C9E53C900D065F8 /* LaunchScreen.storyboard */,
				B4B087711C9E53C900D065F8 /* Info.plist */,
				B4B087661C9E53C900D065F8 /* Supporting Files */,
			);
			path = "github练习上传";
			sourceTree = "<group>";
		};
		B4B087661C9E53C900D065F8 /* Supporting Files */ = {
			isa = PBXGroup;
			children = (
				B4B087671C9E53C900D065F8 /* main.m */,
			);
			name = "Supporting Files";
			sourceTree = "<group>";
		};
		B4B087791C9E53C900D065F8 /* github练习上传Tests */ = {
			isa = PBXGroup;
			children = (
				B4B0877A1C9E53C900D065F8 /* github____Tests.m */,
				B4B0877C1C9E53C900D065F8 /* Info.plist */,
			);
			path = "github练习上传Tests";
			sourceTree = "<group>";
		};
		B4B087841C9E53C900D065F8 /* github练习上传UITests */ = {
			isa = PBXGroup;
			children = (
				B4B087851C9E53C900D065F8 /* github____UITests.m */,
				B4B087871C9E53C900D065F8 /* Info.plist */,
			);
			path = "github练习上传UITests";
			sourceTree = "<group>";
		};
/* End PBXGroup section */

/* Begin PBXNativeTarget section */
		B4B087621C9E53C900D065F8 /* github练习上传 */ = {
			isa = PBXNativeTarget;
			buildConfigurationList = B4B0878A1C9E53C900D065F8 /* Build configuration list for PBXNativeTarget "github练习上传" */;
			buildPhases = (
				B4B0875F1C9E53C900D065F8 /* Sources */,
				B4B087601C9E53C900D065F8 /* Frameworks */,
				B4B087611C9E53C900D065F8 /* Resources */,
			);
			buildRules = (
			);
			dependencies = (
			);
			name = "github练习上传";
			productName = "github练习上传";
			productReference = B4B087631C9E53C900D065F8 /* github练习上传.app */;
			productType = "com.apple.product-type.application";
		};
		B4B087751C9E53C900D065F8 /* github练习上传Tests */ = {
			isa = PBXNativeTarget;
			buildConfigurationList = B4B0878D1C9E53C900D065F8 /* Build configuration list for PBXNativeTarget "github练习上传Tests" */;
			buildPhases = (
				B4B087721C9E53C900D065F8 /* Sources */,
				B4B087731C9E53C900D065F8 /* Frameworks */,
				B4B087741C9E53C900D065F8 /* Resources */,
			);
			buildRules = (
			);
			dependencies = (
				B4B087781C9E53C900D065F8 /* PBXTargetDependency */,
			);
			name = "github练习上传Tests";
			productName = "github练习上传Tests";
			productReference = B4B087761C9E53C900D065F8 /* github练习上传Tests.xctest */;
			productType = "com.apple.product-type.bundle.unit-test";
		};
		B4B087801C9E53C900D065F8 /* github练习上传UITests */ = {
			isa = PBXNativeTarget;
			buildConfigurationList = B4B087901C9E53C900D065F8 /* Build configuration list for PBXNativeTarget "github练习上传UITests" */;
			buildPhases = (
				B4B0877D1C9E53C900D065F8 /* Sources */,
				B4B0877E1C9E53C900D065F8 /* Frameworks */,
				B4B0877F1C9E53C900D065F8 /* Resources */,
			);
			buildRules = (
			);
			dependencies = (
				B4B087831C9E53C900D065F8 /* PBXTargetDependency */,
			);
			name = "github练习上传UITests";
			productName = "github练习上传UITests";
			productReference = B4B087811C9E53C900D065F8 /* github练习上传UITests.xctest */;
			productType = "com.apple.product-type.bundle.ui-testing";
		};
/* End PBXNativeTarget section */

/* Begin PBXProject section */
		B4B0875B1C9E53C900D065F8 /* Project object */ = {
			isa = PBXProject;
			attributes = {
				LastUpgradeCheck = 0720;
				ORGANIZATIONNAME = GuZhiQiang;
				TargetAttributes = {
					B4B087621C9E53C900D065F8 = {
						CreatedOnToolsVersion = 7.2;
					};
					B4B087751C9E53C900D065F8 = {
						CreatedOnToolsVersion = 7.2;
						TestTargetID = B4B087621C9E53C900D065F8;
					};
					B4B087801C9E53C900D065F8 = {
						CreatedOnToolsVersion = 7.2;
						TestTargetID = B4B087621C9E53C900D065F8;
					};
				};
			};
			buildConfigurationList = B4B0875E1C9E53C900D065F8 /* Build configuration list for PBXProject "github练习上传" */;
			compatibilityVersion = "Xcode 3.2";
			developmentRegion = English;
			hasScannedForEncodings = 0;
			knownRegions = (
				en,
				Base,
			);
			mainGroup = B4B0875A1C9E53C900D065F8;
			productRefGroup = B4B087641C9E53C900D065F8 /* Products */;
			projectDirPath = "";
			projectRoot = "";
			targets = (
				B4B087621C9E53C900D065F8 /* github练习上传 */,
				B4B087751C9E53C900D065F8 /* github练习上传Tests */,
				B4B087801C9E53C900D065F8 /* github练习上传UITests */,
			);
		};
/* End PBXProject section */

/* Begin PBXResourcesBuildPhase section */
		B4B087611C9E53C900D065F8 /* Resources */ = {
			isa = PBXResourcesBuildPhase;
			buildActionMask = 2147483647;
			files = (
				B4B0876D1C9E53C900D065F8 /* Assets.xcassets in Resources */,
				B4B087701C9E53C900D065F8 /* LaunchScreen.storyboard in Resources */,
			);
			runOnlyForDeploymentPostprocessing = 0;
		};
		B4B087741C9E53C900D065F8 /* Resources */ = {
			isa = PBXResourcesBuildPhase;
			buildActionMask = 2147483647;
			files = (
			);
			runOnlyForDeploymentPostprocessing = 0;
		};
		B4B0877F1C9E53C900D065F8 /* Resources */ = {
			isa = PBXResourcesBuildPhase;
			buildActionMask = 2147483647;
			files = (
			);
			runOnlyForDeploymentPostprocessing = 0;
		};
/* End PBXResourcesBuildPhase section */

/* Begin PBXSourcesBuildPhase section */
		B4B0875F1C9E53C900D065F8 /* Sources */ = {
			isa = PBXSourcesBuildPhase;
			buildActionMask = 2147483647;
			files = (
				B4B087951C9E53F400D065F8 /* GuViewController.m in Sources */,
				B4B0876B1C9E53C900D065F8 /* AppDelegate.m in Sources */,
				B4B087681C9E53C900D065F8 /* main.m in Sources */,
			);
			runOnlyForDeploymentPostprocessing = 0;
		};
		B4B087721C9E53C900D065F8 /* Sources */ = {
			isa = PBXSourcesBuildPhase;
			buildActionMask = 2147483647;
			files = (
				B4B0877B1C9E53C900D065F8 /* github____Tests.m in Sources */,
			);
			runOnlyForDeploymentPostprocessing = 0;
		};
		B4B0877D1C9E53C900D065F8 /* Sources */ = {
			isa = PBXSourcesBuildPhase;
			buildActionMask = 2147483647;
			files = (
				B4B087861C9E53C900D065F8 /* github____UITests.m in Sources */,
			);
			runOnlyForDeploymentPostprocessing = 0;
		};
/* End PBXSourcesBuildPhase section */

/* Begin PBXTargetDependency section */
		B4B087781C9E53C900D065F8 /* PBXTargetDependency */ = {
			isa = PBXTargetDependency;
			target = B4B087621C9E53C900D065F8 /* github练习上传 */;
			targetProxy = B4B087771C9E53C900D065F8 /* PBXContainerItemProxy */;
		};
		B4B087831C9E53C900D065F8 /* PBXTargetDependency */ = {
			isa = PBXTargetDependency;
			target = B4B087621C9E53C900D065F8 /* github练习上传 */;
			targetProxy = B4B087821C9E53C900D065F8 /* PBXContainerItemProxy */;
		};
/* End PBXTargetDependency section */

/* Begin PBXVariantGroup section */
		B4B0876E1C9E53C900D065F8 /* LaunchScreen.storyboard */ = {
			isa = PBXVariantGroup;
			children = (
				B4B0876F1C9E53C900D065F8 /* Base */,
			);
			name = LaunchScreen.storyboard;
			sourceTree = "<group>";
		};
/* End PBXVariantGroup section */

/* Begin XCBuildConfiguration section */
		B4B087881C9E53C900D065F8 /* Debug */ = {
			isa = XCBuildConfiguration;
			buildSettings = {
				ALWAYS_SEARCH_USER_PATHS = NO;
				CLANG_CXX_LANGUAGE_STANDARD = "gnu++0x";
				CLANG_CXX_LIBRARY = "libc++";
				CLANG_ENABLE_MODULES = YES;
				CLANG_ENABLE_OBJC_ARC = YES;
				CLANG_WARN_BOOL_CONVERSION = YES;
				CLANG_WARN_CONSTANT_CONVERSION = YES;
				CLANG_WARN_DIRECT_OBJC_ISA_USAGE = YES_ERROR;
				CLANG_WARN_EMPTY_BODY = YES;
				CLANG_WARN_ENUM_CONVERSION = YES;
				CLANG_WARN_INT_CONVERSION = YES;
				CLANG_WARN_OBJC_ROOT_CLASS = YES_ERROR;
				CLANG_WARN_UNREACHABLE_CODE = YES;
				CLANG_WARN__DUPLICATE_METHOD_MATCH = YES;
				"CODE_SIGN_IDENTITY[sdk=iphoneos*]" = "iPhone Developer";
				COPY_PHASE_STRIP = NO;
				DEBUG_INFORMATION_FORMAT = dwarf;
				ENABLE_STRICT_OBJC_MSGSEND = YES;
				ENABLE_TESTABILITY = YES;
				GCC_C_LANGUAGE_STANDARD = gnu99;
				GCC_DYNAMIC_NO_PIC = NO;
				GCC_NO_COMMON_BLOCKS = YES;
				GCC_OPTIMIZATION_LEVEL = 0;
				GCC_PREPROCESSOR_DEFINITIONS = (
					"DEBUG=1",
					"$(inherited)",
				);
				GCC_WARN_64_TO_32_BIT_CONVERSION = YES;
				GCC_WARN_ABOUT_RETURN_TYPE = YES_ERROR;
				GCC_WARN_UNDECLARED_SELECTOR = YES;
				GCC_WARN_UNINITIALIZED_AUTOS = YES_AGGRESSIVE;
				GCC_WARN_UNUSED_FUNCTION = YES;
				GCC_WARN_UNUSED_VARIABLE = YES;
				IPHONEOS_DEPLOYMENT_TARGET = 9.2;
				MTL_ENABLE_DEBUG_INFO = YES;
				ONLY_ACTIVE_ARCH = YES;
				SDKROOT = iphoneos;
			};
			name = Debug;
		};
		B4B087891C9E53C900D065F8 /* Release */ = {
			isa = XCBuildConfiguration;
			buildSettings = {
				ALWAYS_SEARCH_USER_PATHS = NO;
				CLANG_CXX_LANGUAGE_STANDARD = "gnu++0x";
				CLANG_CXX_LIBRARY = "libc++";
				CLANG_ENABLE_MODULES = YES;
				CLANG_ENABLE_OBJC_ARC = YES;
				CLANG_WARN_BOOL_CONVERSION = YES;
				CLANG_WARN_CONSTANT_CONVERSION = YES;
				CLANG_WARN_DIRECT_OBJC_ISA_USAGE = YES_ERROR;
				CLANG_WARN_EMPTY_BODY = YES;
				CLANG_WARN_ENUM_CONVERSION = YES;
				CLANG_WARN_INT_CONVERSION = YES;
				CLANG_WARN_OBJC_ROOT_CLASS = YES_ERROR;
				CLANG_WARN_UNREACHABLE_CODE = YES;
				CLANG_WARN__DUPLICATE_METHOD_MATCH = YES;
				"CODE_SIGN_IDENTITY[sdk=iphoneos*]" = "iPhone Developer";
				COPY_PHASE_STRIP = NO;
				DEBUG_INFORMATION_FORMAT = "dwarf-with-dsym";
				ENABLE_NS_ASSERTIONS = NO;
				ENABLE_STRICT_OBJC_MSGSEND = YES;
				GCC_C_LANGUAGE_STANDARD = gnu99;
				GCC_NO_COMMON_BLOCKS = YES;
				GCC_WARN_64_TO_32_BIT_CONVERSION = YES;
				GCC_WARN_ABOUT_RETURN_TYPE = YES_ERROR;
				GCC_WARN_UNDECLARED_SELECTOR = YES;
				GCC_WARN_UNINITIALIZED_AUTOS = YES_AGGRESSIVE;
				GCC_WARN_UNUSED_FUNCTION = YES;
				GCC_WARN_UNUSED_VARIABLE = YES;
				IPHONEOS_DEPLOYMENT_TARGET = 9.2;
				MTL_ENABLE_DEBUG_INFO = NO;
				SDKROOT = iphoneos;
				VALIDATE_PRODUCT = YES;
			};
			name = Release;
		};
		B4B0878B1C9E53C900D065F8 /* Debug */ = {
			isa = XCBuildConfiguration;
			buildSettings = {
				ASSETCATALOG_COMPILER_APPICON_NAME = AppIcon;
				INFOPLIST_FILE = "github练习上传/Info.plist";
				LD_RUNPATH_SEARCH_PATHS = "$(inherited) @executable_path/Frameworks";
				PRODUCT_BUNDLE_IDENTIFIER = "com.guxiongjin.ap.github----";
				PRODUCT_NAME = "$(TARGET_NAME)";
			};
			name = Debug;
		};
		B4B0878C1C9E53C900D065F8 /* Release */ = {
			isa = XCBuildConfiguration;
			buildSettings = {
				ASSETCATALOG_COMPILER_APPICON_NAME = AppIcon;
				INFOPLIST_FILE = "github练习上传/Info.plist";
				LD_RUNPATH_SEARCH_PATHS = "$(inherited) @executable_path/Frameworks";
				PRODUCT_BUNDLE_IDENTIFIER = "com.guxiongjin.ap.github----";
				PRODUCT_NAME = "$(TARGET_NAME)";
			};
			name = Release;
		};
		B4B0878E1C9E53C900D065F8 /* Debug */ = {
			isa = XCBuildConfiguration;
			buildSettings = {
				BUNDLE_LOADER = "$(TEST_HOST)";
				INFOPLIST_FILE = "github练习上传Tests/Info.plist";
				LD_RUNPATH_SEARCH_PATHS = "$(inherited) @executable_path/Frameworks @loader_path/Frameworks";
				PRODUCT_BUNDLE_IDENTIFIER = "com.guxiongjin.ap.github----Tests";
				PRODUCT_NAME = "$(TARGET_NAME)";
				TEST_HOST = "$(BUILT_PRODUCTS_DIR)/github练习上传.app/github练习上传";
			};
			name = Debug;
		};
		B4B0878F1C9E53C900D065F8 /* Release */ = {
			isa = XCBuildConfiguration;
			buildSettings = {
				BUNDLE_LOADER = "$(TEST_HOST)";
				INFOPLIST_FILE = "github练习上传Tests/Info.plist";
				LD_RUNPATH_SEARCH_PATHS = "$(inherited) @executable_path/Frameworks @loader_path/Frameworks";
				PRODUCT_BUNDLE_IDENTIFIER = "com.guxiongjin.ap.github----Tests";
				PRODUCT_NAME = "$(TARGET_NAME)";
				TEST_HOST = "$(BUILT_PRODUCTS_DIR)/github练习上传.app/github练习上传";
			};
			name = Release;
		};
		B4B087911C9E53C900D065F8 /* Debug */ = {
			isa = XCBuildConfiguration;
			buildSettings = {
				INFOPLIST_FILE = "github练习上传UITests/Info.plist";
				LD_RUNPATH_SEARCH_PATHS = "$(inherited) @executable_path/Frameworks @loader_path/Frameworks";
				PRODUCT_BUNDLE_IDENTIFIER = "com.guxiongjin.ap.github----UITests";
				PRODUCT_NAME = "$(TARGET_NAME)";
				TEST_TARGET_NAME = "github练习上传";
				USES_XCTRUNNER = YES;
			};
			name = Debug;
		};
		B4B087921C9E53C900D065F8 /* Release */ = {
			isa = XCBuildConfiguration;
			buildSettings = {
				INFOPLIST_FILE = "github练习上传UITests/Info.plist";
				LD_RUNPATH_SEARCH_PATHS = "$(inherited) @executable_path/Frameworks @loader_path/Frameworks";
				PRODUCT_BUNDLE_IDENTIFIER = "com.guxiongjin.ap.github----UITests";
				PRODUCT_NAME = "$(TARGET_NAME)";
				TEST_TARGET_NAME = "github练习上传";
				USES_XCTRUNNER = YES;
			};
			name = Release;
		};
/* End XCBuildConfiguration section */

/* Begin XCConfigurationList section */
		B4B0875E1C9E53C900D065F8 /* Build configuration list for PBXProject "github练习上传" */ = {
			isa = XCConfigurationList;
			buildConfigurations = (
				B4B087881C9E53C900D065F8 /* Debug */,
				B4B087891C9E53C900D065F8 /* Release */,
			);
			defaultConfigurationIsVisible = 0;
			defaultConfigurationName = Release;
		};
		B4B0878A1C9E53C900D065F8 /* Build configuration list for PBXNativeTarget "github练习上传" */ = {
			isa = XCConfigurationList;
			buildConfigurations = (
				B4B0878B1C9E53C900D065F8 /* Debug */,
				B4B0878C1C9E53C900D065F8 /* Release */,
			);
			defaultConfigurationIsVisible = 0;
		};
		B4B0878D1C9E53C900D065F8 /* Build configuration list for PBXNativeTarget "github练习上传Tests" */ = {
			isa = XCConfigurationList;
			buildConfigurations = (
				B4B0878E1C9E53C900D065F8 /* Debug */,
				B4B0878F1C9E53C900D065F8 /* Release */,
			);
			defaultConfigurationIsVisible = 0;
		};
		B4B087901C9E53C900D065F8 /* Build configuration list for PBXNativeTarget "github练习上传UITests" */ = {
			isa = XCConfigurationList;
			buildConfigurations = (
				B4B087911C9E53C900D065F8 /* Debug */,
				B4B087921C9E53C900D065F8 /* Release */,
			);
			defaultConfigurationIsVisible = 0;
		};
/* End XCConfigurationList section */
	};
	rootObject = B4B0875B1C9E53C900D065F8 /* Project object */;
}
